// !$*UTF8*$!
{
	archiveVersion = 1;
	classes = {
	};
	objectVersion = 48;
	objects = {

/* Begin PBXBuildFile section */
		551F9F9320055E8A00A1EAE0 /* AppDelegate.swift in Sources */ = {isa = PBXBuildFile; fileRef = 551F9F9220055E8A00A1EAE0 /* AppDelegate.swift */; };
		551F9F9520055E8A00A1EAE0 /* ViewController.swift in Sources */ = {isa = PBXBuildFile; fileRef = 551F9F9420055E8A00A1EAE0 /* ViewController.swift */; };
		551F9F9820055E8A00A1EAE0 /* Main.storyboard in Resources */ = {isa = PBXBuildFile; fileRef = 551F9F9620055E8A00A1EAE0 /* Main.storyboard */; };
		551F9F9B20055E8A00A1EAE0 /* HSEBuildings.xcdatamodeld in Sources */ = {isa = PBXBuildFile; fileRef = 551F9F9920055E8A00A1EAE0 /* HSEBuildings.xcdatamodeld */; };
		551F9F9D20055E8A00A1EAE0 /* Assets.xcassets in Resources */ = {isa = PBXBuildFile; fileRef = 551F9F9C20055E8A00A1EAE0 /* Assets.xcassets */; };
		551F9FA020055E8A00A1EAE0 /* LaunchScreen.storyboard in Resources */ = {isa = PBXBuildFile; fileRef = 551F9F9E20055E8A00A1EAE0 /* LaunchScreen.storyboard */; };
		551F9FAB20055E8A00A1EAE0 /* HSEBuildingsTests.swift in Sources */ = {isa = PBXBuildFile; fileRef = 551F9FAA20055E8A00A1EAE0 /* HSEBuildingsTests.swift */; };
		551F9FB620055E8A00A1EAE0 /* HSEBuildingsUITests.swift in Sources */ = {isa = PBXBuildFile; fileRef = 551F9FB520055E8A00A1EAE0 /* HSEBuildingsUITests.swift */; };
/* End PBXBuildFile section */

/* Begin PBXContainerItemProxy section */
		551F9FA720055E8A00A1EAE0 /* PBXContainerItemProxy */ = {
			isa = PBXContainerItemProxy;
			containerPortal = 551F9F8720055E8A00A1EAE0 /* Project object */;
			proxyType = 1;
			remoteGlobalIDString = 551F9F8E20055E8A00A1EAE0;
			remoteInfo = HSEBuildings;
		};
		551F9FB220055E8A00A1EAE0 /* PBXContainerItemProxy */ = {
			isa = PBXContainerItemProxy;
			containerPortal = 551F9F8720055E8A00A1EAE0 /* Project object */;
			proxyType = 1;
			remoteGlobalIDString = 551F9F8E20055E8A00A1EAE0;
			remoteInfo = HSEBuildings;
		};
/* End PBXContainerItemProxy section */

/* Begin PBXFileReference section */
		551F9F8F20055E8A00A1EAE0 /* HSEBuildings.app */ = {isa = PBXFileReference; explicitFileType = wrapper.application; includeInIndex = 0; path = HSEBuildings.app; sourceTree = BUILT_PRODUCTS_DIR; };
		551F9F9220055E8A00A1EAE0 /* AppDelegate.swift */ = {isa = PBXFileReference; lastKnownFileType = sourcecode.swift; path = AppDelegate.swift; sourceTree = "<group>"; };
		551F9F9420055E8A00A1EAE0 /* ViewController.swift */ = {isa = PBXFileReference; lastKnownFileType = sourcecode.swift; path = ViewController.swift; sourceTree = "<group>"; };
		551F9F9720055E8A00A1EAE0 /* Base */ = {isa = PBXFileReference; lastKnownFileType = file.storyboard; name = Base; path = Base.lproj/Main.storyboard; sourceTree = "<group>"; };
		551F9F9A20055E8A00A1EAE0 /* HSEBuildings.xcdatamodel */ = {isa = PBXFileReference; lastKnownFileType = wrapper.xcdatamodel; path = HSEBuildings.xcdatamodel; sourceTree = "<group>"; };
		551F9F9C20055E8A00A1EAE0 /* Assets.xcassets */ = {isa = PBXFileReference; lastKnownFileType = folder.assetcatalog; path = Assets.xcassets; sourceTree = "<group>"; };
		551F9F9F20055E8A00A1EAE0 /* Base */ = {isa = PBXFileReference; lastKnownFileType = file.storyboard; name = Base; path = Base.lproj/LaunchScreen.storyboard; sourceTree = "<group>"; };
		551F9FA120055E8A00A1EAE0 /* Info.plist */ = {isa = PBXFileReference; lastKnownFileType = text.plist.xml; path = Info.plist; sourceTree = "<group>"; };
		551F9FA620055E8A00A1EAE0 /* HSEBuildingsTests.xctest */ = {isa = PBXFileReference; explicitFileType = wrapper.cfbundle; includeInIndex = 0; path = HSEBuildingsTests.xctest; sourceTree = BUILT_PRODUCTS_DIR; };
		551F9FAA20055E8A00A1EAE0 /* HSEBuildingsTests.swift */ = {isa = PBXFileReference; lastKnownFileType = sourcecode.swift; path = HSEBuildingsTests.swift; sourceTree = "<group>"; };
		551F9FAC20055E8A00A1EAE0 /* Info.plist */ = {isa = PBXFileReference; lastKnownFileType = text.plist.xml; path = Info.plist; sourceTree = "<group>"; };
		551F9FB120055E8A00A1EAE0 /* HSEBuildingsUITests.xctest */ = {isa = PBXFileReference; explicitFileType = wrapper.cfbundle; includeInIndex = 0; path = HSEBuildingsUITests.xctest; sourceTree = BUILT_PRODUCTS_DIR; };
		551F9FB520055E8A00A1EAE0 /* HSEBuildingsUITests.swift */ = {isa = PBXFileReference; lastKnownFileType = sourcecode.swift; path = HSEBuildingsUITests.swift; sourceTree = "<group>"; };
		551F9FB720055E8A00A1EAE0 /* Info.plist */ = {isa = PBXFileReference; lastKnownFileType = text.plist.xml; path = Info.plist; sourceTree = "<group>"; };
/* End PBXFileReference section */

/* Begin PBXFrameworksBuildPhase section */
		551F9F8C20055E8A00A1EAE0 /* Frameworks */ = {
			isa = PBXFrameworksBuildPhase;
			buildActionMask = 2147483647;
			files = (
			);
			runOnlyForDeploymentPostprocessing = 0;
		};
		551F9FA320055E8A00A1EAE0 /* Frameworks */ = {
			isa = PBXFrameworksBuildPhase;
			buildActionMask = 2147483647;
			files = (
			);
			runOnlyForDeploymentPostprocessing = 0;
		};
		551F9FAE20055E8A00A1EAE0 /* Frameworks */ = {
			isa = PBXFrameworksBuildPhase;
			buildActionMask = 2147483647;
			files = (
			);
			runOnlyForDeploymentPostprocessing = 0;
		};
/* End PBXFrameworksBuildPhase section */

/* Begin PBXGroup section */
		551F9F8620055E8A00A1EAE0 = {
			isa = PBXGroup;
			children = (
				551F9F9120055E8A00A1EAE0 /* HSEBuildings */,
				551F9FA920055E8A00A1EAE0 /* HSEBuildingsTests */,
				551F9FB420055E8A00A1EAE0 /* HSEBuildingsUITests */,
				551F9F9020055E8A00A1EAE0 /* Products */,
			);
			sourceTree = "<group>";
		};
		551F9F9020055E8A00A1EAE0 /* Products */ = {
			isa = PBXGroup;
			children = (
				551F9F8F20055E8A00A1EAE0 /* HSEBuildings.app */,
				551F9FA620055E8A00A1EAE0 /* HSEBuildingsTests.xctest */,
				551F9FB120055E8A00A1EAE0 /* HSEBuildingsUITests.xctest */,
			);
			name = Products;
			sourceTree = "<group>";
		};
		551F9F9120055E8A00A1EAE0 /* HSEBuildings */ = {
			isa = PBXGroup;
			children = (
				551F9F9220055E8A00A1EAE0 /* AppDelegate.swift */,
				551F9F9420055E8A00A1EAE0 /* ViewController.swift */,
				551F9F9620055E8A00A1EAE0 /* Main.storyboard */,
				551F9F9C20055E8A00A1EAE0 /* Assets.xcassets */,
				551F9F9E20055E8A00A1EAE0 /* LaunchScreen.storyboard */,
				551F9FA120055E8A00A1EAE0 /* Info.plist */,
				551F9F9920055E8A00A1EAE0 /* HSEBuildings.xcdatamodeld */,
			);
			path = HSEBuildings;
			sourceTree = "<group>";
		};
		551F9FA920055E8A00A1EAE0 /* HSEBuildingsTests */ = {
			isa = PBXGroup;
			children = (
				551F9FAA20055E8A00A1EAE0 /* HSEBuildingsTests.swift */,
				551F9FAC20055E8A00A1EAE0 /* Info.plist */,
			);
			path = HSEBuildingsTests;
			sourceTree = "<group>";
		};
		551F9FB420055E8A00A1EAE0 /* HSEBuildingsUITests */ = {
			isa = PBXGroup;
			children = (
				551F9FB520055E8A00A1EAE0 /* HSEBuildingsUITests.swift */,
				551F9FB720055E8A00A1EAE0 /* Info.plist */,
			);
			path = HSEBuildingsUITests;
			sourceTree = "<group>";
		};
/* End PBXGroup section */

/* Begin PBXNativeTarget section */
		551F9F8E20055E8A00A1EAE0 /* HSEBuildings */ = {
			isa = PBXNativeTarget;
			buildConfigurationList = 551F9FBA20055E8A00A1EAE0 /* Build configuration list for PBXNativeTarget "HSEBuildings" */;
			buildPhases = (
				551F9F8B20055E8A00A1EAE0 /* Sources */,
				551F9F8C20055E8A00A1EAE0 /* Frameworks */,
				551F9F8D20055E8A00A1EAE0 /* Resources */,
			);
			buildRules = (
			);
			dependencies = (
			);
			name = HSEBuildings;
			productName = HSEBuildings;
			productReference = 551F9F8F20055E8A00A1EAE0 /* HSEBuildings.app */;
			productType = "com.apple.product-type.application";
		};
		551F9FA520055E8A00A1EAE0 /* HSEBuildingsTests */ = {
			isa = PBXNativeTarget;
			buildConfigurationList = 551F9FBD20055E8A00A1EAE0 /* Build configuration list for PBXNativeTarget "HSEBuildingsTests" */;
			buildPhases = (
				551F9FA220055E8A00A1EAE0 /* Sources */,
				551F9FA320055E8A00A1EAE0 /* Frameworks */,
				551F9FA420055E8A00A1EAE0 /* Resources */,
			);
			buildRules = (
			);
			dependencies = (
				551F9FA820055E8A00A1EAE0 /* PBXTargetDependency */,
			);
			name = HSEBuildingsTests;
			productName = HSEBuildingsTests;
			productReference = 551F9FA620055E8A00A1EAE0 /* HSEBuildingsTests.xctest */;
			productType = "com.apple.product-type.bundle.unit-test";
		};
		551F9FB020055E8A00A1EAE0 /* HSEBuildingsUITests */ = {
			isa = PBXNativeTarget;
			buildConfigurationList = 551F9FC020055E8A00A1EAE0 /* Build configuration list for PBXNativeTarget "HSEBuildingsUITests" */;
			buildPhases = (
				551F9FAD20055E8A00A1EAE0 /* Sources */,
				551F9FAE20055E8A00A1EAE0 /* Frameworks */,
				551F9FAF20055E8A00A1EAE0 /* Resources */,
			);
			buildRules = (
			);
			dependencies = (
				551F9FB320055E8A00A1EAE0 /* PBXTargetDependency */,
			);
			name = HSEBuildingsUITests;
			productName = HSEBuildingsUITests;
			productReference = 551F9FB120055E8A00A1EAE0 /* HSEBuildingsUITests.xctest */;
			productType = "com.apple.product-type.bundle.ui-testing";
		};
/* End PBXNativeTarget section */

/* Begin PBXProject section */
		551F9F8720055E8A00A1EAE0 /* Project object */ = {
			isa = PBXProject;
			attributes = {
				LastSwiftUpdateCheck = 0910;
				LastUpgradeCheck = 0910;
				ORGANIZATIONNAME = "Андрей";
				TargetAttributes = {
					551F9F8E20055E8A00A1EAE0 = {
						CreatedOnToolsVersion = 9.1;
						ProvisioningStyle = Automatic;
					};
					551F9FA520055E8A00A1EAE0 = {
						CreatedOnToolsVersion = 9.1;
						ProvisioningStyle = Automatic;
						TestTargetID = 551F9F8E20055E8A00A1EAE0;
					};
					551F9FB020055E8A00A1EAE0 = {
						CreatedOnToolsVersion = 9.1;
						ProvisioningStyle = Automatic;
						TestTargetID = 551F9F8E20055E8A00A1EAE0;
					};
				};
			};
			buildConfigurationList = 551F9F8A20055E8A00A1EAE0 /* Build configuration list for PBXProject "HSEBuildings" */;
			compatibilityVersion = "Xcode 8.0";
			developmentRegion = en;
			hasScannedForEncodings = 0;
			knownRegions = (
				en,
				Base,
			);
			mainGroup = 551F9F8620055E8A00A1EAE0;
			productRefGroup = 551F9F9020055E8A00A1EAE0 /* Products */;
			projectDirPath = "";
			projectRoot = "";
			targets = (
				551F9F8E20055E8A00A1EAE0 /* HSEBuildings */,
				551F9FA520055E8A00A1EAE0 /* HSEBuildingsTests */,
				551F9FB020055E8A00A1EAE0 /* HSEBuildingsUITests */,
			);
		};
/* End PBXProject section */

/* Begin PBXResourcesBuildPhase section */
		551F9F8D20055E8A00A1EAE0 /* Resources */ = {
			isa = PBXResourcesBuildPhase;
			buildActionMask = 2147483647;
			files = (
				551F9FA020055E8A00A1EAE0 /* LaunchScreen.storyboard in Resources */,
				551F9F9D20055E8A00A1EAE0 /* Assets.xcassets in Resources */,
				551F9F9820055E8A00A1EAE0 /* Main.storyboard in Resources */,
			);
			runOnlyForDeploymentPostprocessing = 0;
		};
		551F9FA420055E8A00A1EAE0 /* Resources */ = {
			isa = PBXResourcesBuildPhase;
			buildActionMask = 2147483647;
			files = (
			);
			runOnlyForDeploymentPostprocessing = 0;
		};
		551F9FAF20055E8A00A1EAE0 /* Resources */ = {
			isa = PBXResourcesBuildPhase;
			buildActionMask = 2147483647;
			files = (
			);
			runOnlyForDeploymentPostprocessing = 0;
		};
/* End PBXResourcesBuildPhase section */

/* Begin PBXSourcesBuildPhase section */
		551F9F8B20055E8A00A1EAE0 /* Sources */ = {
			isa = PBXSourcesBuildPhase;
			buildActionMask = 2147483647;
			files = (
				551F9F9520055E8A00A1EAE0 /* ViewController.swift in Sources */,
				551F9F9B20055E8A00A1EAE0 /* HSEBuildings.xcdatamodeld in Sources */,
				551F9F9320055E8A00A1EAE0 /* AppDelegate.swift in Sources */,
			);
			runOnlyForDeploymentPostprocessing = 0;
		};
		551F9FA220055E8A00A1EAE0 /* Sources */ = {
			isa = PBXSourcesBuildPhase;
			buildActionMask = 2147483647;
			files = (
				551F9FAB20055E8A00A1EAE0 /* HSEBuildingsTests.swift in Sources */,
			);
			runOnlyForDeploymentPostprocessing = 0;
		};
		551F9FAD20055E8A00A1EAE0 /* Sources */ = {
			isa = PBXSourcesBuildPhase;
			buildActionMask = 2147483647;
			files = (
				551F9FB620055E8A00A1EAE0 /* HSEBuildingsUITests.swift in Sources */,
			);
			runOnlyForDeploymentPostprocessing = 0;
		};
/* End PBXSourcesBuildPhase section */

/* Begin PBXTargetDependency section */
		551F9FA820055E8A00A1EAE0 /* PBXTargetDependency */ = {
			isa = PBXTargetDependency;
			target = 551F9F8E20055E8A00A1EAE0 /* HSEBuildings */;
			targetProxy = 551F9FA720055E8A00A1EAE0 /* PBXContainerItemProxy */;
		};
		551F9FB320055E8A00A1EAE0 /* PBXTargetDependency */ = {
			isa = PBXTargetDependency;
			target = 551F9F8E20055E8A00A1EAE0 /* HSEBuildings */;
			targetProxy = 551F9FB220055E8A00A1EAE0 /* PBXContainerItemProxy */;
		};
/* End PBXTargetDependency section */

/* Begin PBXVariantGroup section */
		551F9F9620055E8A00A1EAE0 /* Main.storyboard */ = {
			isa = PBXVariantGroup;
			children = (
				551F9F9720055E8A00A1EAE0 /* Base */,
			);
			name = Main.storyboard;
			sourceTree = "<group>";
		};
		551F9F9E20055E8A00A1EAE0 /* LaunchScreen.storyboard */ = {
			isa = PBXVariantGroup;
			children = (
				551F9F9F20055E8A00A1EAE0 /* Base */,
			);
			name = LaunchScreen.storyboard;
			sourceTree = "<group>";
		};
/* End PBXVariantGroup section */

/* Begin XCBuildConfiguration section */
		551F9FB820055E8A00A1EAE0 /* Debug */ = {
			isa = XCBuildConfiguration;
			buildSettings = {
				ALWAYS_SEARCH_USER_PATHS = NO;
				CLANG_ANALYZER_NONNULL = YES;
				CLANG_ANALYZER_NUMBER_OBJECT_CONVERSION = YES_AGGRESSIVE;
				CLANG_CXX_LANGUAGE_STANDARD = "gnu++14";
				CLANG_CXX_LIBRARY = "libc++";
				CLANG_ENABLE_MODULES = YES;
				CLANG_ENABLE_OBJC_ARC = YES;
				CLANG_WARN_BLOCK_CAPTURE_AUTORELEASING = YES;
				CLANG_WARN_BOOL_CONVERSION = YES;
				CLANG_WARN_COMMA = YES;
				CLANG_WARN_CONSTANT_CONVERSION = YES;
				CLANG_WARN_DIRECT_OBJC_ISA_USAGE = YES_ERROR;
				CLANG_WARN_DOCUMENTATION_COMMENTS = YES;
				CLANG_WARN_EMPTY_BODY = YES;
				CLANG_WARN_ENUM_CONVERSION = YES;
				CLANG_WARN_INFINITE_RECURSION = YES;
				CLANG_WARN_INT_CONVERSION = YES;
				CLANG_WARN_NON_LITERAL_NULL_CONVERSION = YES;
				CLANG_WARN_OBJC_LITERAL_CONVERSION = YES;
				CLANG_WARN_OBJC_ROOT_CLASS = YES_ERROR;
				CLANG_WARN_RANGE_LOOP_ANALYSIS = YES;
				CLANG_WARN_STRICT_PROTOTYPES = YES;
				CLANG_WARN_SUSPICIOUS_MOVE = YES;
				CLANG_WARN_UNGUARDED_AVAILABILITY = YES_AGGRESSIVE;
				CLANG_WARN_UNREACHABLE_CODE = YES;
				CLANG_WARN__DUPLICATE_METHOD_MATCH = YES;
				CODE_SIGN_IDENTITY = "iPhone Developer";
				COPY_PHASE_STRIP = NO;
				DEBUG_INFORMATION_FORMAT = dwarf;
				ENABLE_STRICT_OBJC_MSGSEND = YES;
				ENABLE_TESTABILITY = YES;
				GCC_C_LANGUAGE_STANDARD = gnu11;
				GCC_DYNAMIC_NO_PIC = NO;
				GCC_NO_COMMON_BLOCKS = YES;
				GCC_OPTIMIZATION_LEVEL = 0;
				GCC_PREPROCESSOR_DEFINITIONS = (
					"DEBUG=1",
					"$(inherited)",
				);
				GCC_WARN_64_TO_32_BIT_CONVERSION = YES;
				GCC_WARN_ABOUT_RETURN_TYPE = YES_ERROR;
				GCC_WARN_UNDECLARED_SELECTOR = YES;
				GCC_WARN_UNINITIALIZED_AUTOS = YES_AGGRESSIVE;
				GCC_WARN_UNUSED_FUNCTION = YES;
				GCC_WARN_UNUSED_VARIABLE = YES;
				IPHONEOS_DEPLOYMENT_TARGET = 11.1;
				MTL_ENABLE_DEBUG_INFO = YES;
				ONLY_ACTIVE_ARCH = YES;
				SDKROOT = iphoneos;
				SWIFT_ACTIVE_COMPILATION_CONDITIONS = DEBUG;
				SWIFT_OPTIMIZATION_LEVEL = "-Onone";
			};
			name = Debug;
		};
		551F9FB920055E8A00A1EAE0 /* Release */ = {
			isa = XCBuildConfiguration;
			buildSettings = {
				ALWAYS_SEARCH_USER_PATHS = NO;
				CLANG_ANALYZER_NONNULL = YES;
				CLANG_ANALYZER_NUMBER_OBJECT_CONVERSION = YES_AGGRESSIVE;
				CLANG_CXX_LANGUAGE_STANDARD = "gnu++14";
				CLANG_CXX_LIBRARY = "libc++";
				CLANG_ENABLE_MODULES = YES;
				CLANG_ENABLE_OBJC_ARC = YES;
				CLANG_WARN_BLOCK_CAPTURE_AUTORELEASING = YES;
				CLANG_WARN_BOOL_CONVERSION = YES;
				CLANG_WARN_COMMA = YES;
				CLANG_WARN_CONSTANT_CONVERSION = YES;
				CLANG_WARN_DIRECT_OBJC_ISA_USAGE = YES_ERROR;
				CLANG_WARN_DOCUMENTATION_COMMENTS = YES;
				CLANG_WARN_EMPTY_BODY = YES;
				CLANG_WARN_ENUM_CONVERSION = YES;
				CLANG_WARN_INFINITE_RECURSION = YES;
				CLANG_WARN_INT_CONVERSION = YES;
				CLANG_WARN_NON_LITERAL_NULL_CONVERSION = YES;
				CLANG_WARN_OBJC_LITERAL_CONVERSION = YES;
				CLANG_WARN_OBJC_ROOT_CLASS = YES_ERROR;
				CLANG_WARN_RANGE_LOOP_ANALYSIS = YES;
				CLANG_WARN_STRICT_PROTOTYPES = YES;
				CLANG_WARN_SUSPICIOUS_MOVE = YES;
				CLANG_WARN_UNGUARDED_AVAILABILITY = YES_AGGRESSIVE;
				CLANG_WARN_UNREACHABLE_CODE = YES;
				CLANG_WARN__DUPLICATE_METHOD_MATCH = YES;
				CODE_SIGN_IDENTITY = "iPhone Developer";
				COPY_PHASE_STRIP = NO;
				DEBUG_INFORMATION_FORMAT = "dwarf-with-dsym";
				ENABLE_NS_ASSERTIONS = NO;
				ENABLE_STRICT_OBJC_MSGSEND = YES;
				GCC_C_LANGUAGE_STANDARD = gnu11;
				GCC_NO_COMMON_BLOCKS = YES;
				GCC_WARN_64_TO_32_BIT_CONVERSION = YES;
				GCC_WARN_ABOUT_RETURN_TYPE = YES_ERROR;
				GCC_WARN_UNDECLARED_SELECTOR = YES;
				GCC_WARN_UNINITIALIZED_AUTOS = YES_AGGRESSIVE;
				GCC_WARN_UNUSED_FUNCTION = YES;
				GCC_WARN_UNUSED_VARIABLE = YES;
				IPHONEOS_DEPLOYMENT_TARGET = 11.1;
				MTL_ENABLE_DEBUG_INFO = NO;
				SDKROOT = iphoneos;
				SWIFT_OPTIMIZATION_LEVEL = "-Owholemodule";
				VALIDATE_PRODUCT = YES;
			};
			name = Release;
		};
		551F9FBB20055E8A00A1EAE0 /* Debug */ = {
			isa = XCBuildConfiguration;
			buildSettings = {
				ASSETCATALOG_COMPILER_APPICON_NAME = AppIcon;
				CODE_SIGN_STYLE = Automatic;
				DEVELOPMENT_TEAM = NC3NUX9MDW;
				INFOPLIST_FILE = HSEBuildings/Info.plist;
				LD_RUNPATH_SEARCH_PATHS = "$(inherited) @executable_path/Frameworks";
				PRODUCT_BUNDLE_IDENTIFIER = apple.HSEBuildings;
				PRODUCT_NAME = "$(TARGET_NAME)";
				SWIFT_VERSION = 4.0;
				TARGETED_DEVICE_FAMILY = "1,2";
			};
			name = Debug;
		};
		551F9FBC20055E8A00A1EAE0 /* Release */ = {
			isa = XCBuildConfiguration;
			buildSettings = {
				ASSETCATALOG_COMPILER_APPICON_NAME = AppIcon;
				CODE_SIGN_STYLE = Automatic;
				DEVELOPMENT_TEAM = NC3NUX9MDW;
				INFOPLIST_FILE = HSEBuildings/Info.plist;
				LD_RUNPATH_SEARCH_PATHS = "$(inherited) @executable_path/Frameworks";
				PRODUCT_BUNDLE_IDENTIFIER = apple.HSEBuildings;
				PRODUCT_NAME = "$(TARGET_NAME)";
				SWIFT_VERSION = 4.0;
				TARGETED_DEVICE_FAMILY = "1,2";
			};
			name = Release;
		};
		551F9FBE20055E8A00A1EAE0 /* Debug */ = {
			isa = XCBuildConfiguration;
			buildSettings = {
				ALWAYS_EMBED_SWIFT_STANDARD_LIBRARIES = YES;
				BUNDLE_LOADER = "$(TEST_HOST)";
				CODE_SIGN_STYLE = Automatic;
				DEVELOPMENT_TEAM = NC3NUX9MDW;
				INFOPLIST_FILE = HSEBuildingsTests/Info.plist;
				LD_RUNPATH_SEARCH_PATHS = "$(inherited) @executable_path/Frameworks @loader_path/Frameworks";
				PRODUCT_BUNDLE_IDENTIFIER = apple.HSEBuildingsTests;
				PRODUCT_NAME = "$(TARGET_NAME)";
				SWIFT_VERSION = 4.0;
				TARGETED_DEVICE_FAMILY = "1,2";
				TEST_HOST = "$(BUILT_PRODUCTS_DIR)/HSEBuildings.app/HSEBuildings";
			};
			name = Debug;
		};
		551F9FBF20055E8A00A1EAE0 /* Release */ = {
			isa = XCBuildConfiguration;
			buildSettings = {
				ALWAYS_EMBED_SWIFT_STANDARD_LIBRARIES = YES;
				BUNDLE_LOADER = "$(TEST_HOST)";
				CODE_SIGN_STYLE = Automatic;
				DEVELOPMENT_TEAM = NC3NUX9MDW;
				INFOPLIST_FILE = HSEBuildingsTests/Info.plist;
				LD_RUNPATH_SEARCH_PATHS = "$(inherited) @executable_path/Frameworks @loader_path/Frameworks";
				PRODUCT_BUNDLE_IDENTIFIER = apple.HSEBuildingsTests;
				PRODUCT_NAME = "$(TARGET_NAME)";
				SWIFT_VERSION = 4.0;
				TARGETED_DEVICE_FAMILY = "1,2";
				TEST_HOST = "$(BUILT_PRODUCTS_DIR)/HSEBuildings.app/HSEBuildings";
			};
			name = Release;
		};
		551F9FC120055E8A00A1EAE0 /* Debug */ = {
			isa = XCBuildConfiguration;
			buildSettings = {
				ALWAYS_EMBED_SWIFT_STANDARD_LIBRARIES = YES;
				CODE_SIGN_STYLE = Automatic;
				DEVELOPMENT_TEAM = NC3NUX9MDW;
				INFOPLIST_FILE = HSEBuildingsUITests/Info.plist;
				LD_RUNPATH_SEARCH_PATHS = "$(inherited) @executable_path/Frameworks @loader_path/Frameworks";
				PRODUCT_BUNDLE_IDENTIFIER = apple.HSEBuildingsUITests;
				PRODUCT_NAME = "$(TARGET_NAME)";
				SWIFT_VERSION = 4.0;
				TARGETED_DEVICE_FAMILY = "1,2";
				TEST_TARGET_NAME = HSEBuildings;
			};
			name = Debug;
		};
		551F9FC220055E8A00A1EAE0 /* Release */ = {
			isa = XCBuildConfiguration;
			buildSettings = {
				ALWAYS_EMBED_SWIFT_STANDARD_LIBRARIES = YES;
				CODE_SIGN_STYLE = Automatic;
				DEVELOPMENT_TEAM = NC3NUX9MDW;
				INFOPLIST_FILE = HSEBuildingsUITests/Info.plist;
				LD_RUNPATH_SEARCH_PATHS = "$(inherited) @executable_path/Frameworks @loader_path/Frameworks";
				PRODUCT_BUNDLE_IDENTIFIER = apple.HSEBuildingsUITests;
				PRODUCT_NAME = "$(TARGET_NAME)";
				SWIFT_VERSION = 4.0;
				TARGETED_DEVICE_FAMILY = "1,2";
				TEST_TARGET_NAME = HSEBuildings;
			};
			name = Release;
		};
/* End XCBuildConfiguration section */

/* Begin XCConfigurationList section */
		551F9F8A20055E8A00A1EAE0 /* Build configuration list for PBXProject "HSEBuildings" */ = {
			isa = XCConfigurationList;
			buildConfigurations = (
				551F9FB820055E8A00A1EAE0 /* Debug */,
				551F9FB920055E8A00A1EAE0 /* Release */,
			);
			defaultConfigurationIsVisible = 0;
			defaultConfigurationName = Release;
		};
		551F9FBA20055E8A00A1EAE0 /* Build configuration list for PBXNativeTarget "HSEBuildings" */ = {
			isa = XCConfigurationList;
			buildConfigurations = (
				551F9FBB20055E8A00A1EAE0 /* Debug */,
				551F9FBC20055E8A00A1EAE0 /* Release */,
			);
			defaultConfigurationIsVisible = 0;
			defaultConfigurationName = Release;
		};
		551F9FBD20055E8A00A1EAE0 /* Build configuration list for PBXNativeTarget "HSEBuildingsTests" */ = {
			isa = XCConfigurationList;
			buildConfigurations = (
				551F9FBE20055E8A00A1EAE0 /* Debug */,
				551F9FBF20055E8A00A1EAE0 /* Release */,
			);
			defaultConfigurationIsVisible = 0;
			defaultConfigurationName = Release;
		};
		551F9FC020055E8A00A1EAE0 /* Build configuration list for PBXNativeTarget "HSEBuildingsUITests" */ = {
			isa = XCConfigurationList;
			buildConfigurations = (
				551F9FC120055E8A00A1EAE0 /* Debug */,
				551F9FC220055E8A00A1EAE0 /* Release */,
			);
			defaultConfigurationIsVisible = 0;
			defaultConfigurationName = Release;
		};
/* End XCConfigurationList section */

/* Begin XCVersionGroup section */
		551F9F9920055E8A00A1EAE0 /* HSEBuildings.xcdatamodeld */ = {
			isa = XCVersionGroup;
			children = (
				551F9F9A20055E8A00A1EAE0 /* HSEBuildings.xcdatamodel */,
			);
			currentVersion = 551F9F9A20055E8A00A1EAE0 /* HSEBuildings.xcdatamodel */;
			path = HSEBuildings.xcdatamodeld;
			sourceTree = "<group>";
			versionGroupType = wrapper.xcdatamodel;
		};
/* End XCVersionGroup section */
	};
	rootObject = 551F9F8720055E8A00A1EAE0 /* Project object */;
}
